
Microsoft Visual Studio Solution File, Format Version 12.00
# Visual Studio 15
VisualStudioVersion = 15.0.28010.2019
MinimumVisualStudioVersion = 10.0.40219.1
Project("{8BC9CEB8-8B4A-11D0-8D11-00A0C91BC942}") = "simpletreemodel", "simpletreemodel.vcxproj", "{4F3149A7-1D26-3DA0-929F-EA3B96E9C0FA}"
EndProject
Global
	GlobalSection(SolutionConfigurationPlatforms) = preSolution
		Debug|x64 = Debug|x64
		Release|x64 = Release|x64
	EndGlobalSection
	GlobalSection(ProjectConfigurationPlatforms) = postSolution
		{4F3149A7-1D26-3DA0-929F-EA3B96E9C0FA}.Debug|x64.ActiveCfg = Debug|x64
		{4F3149A7-1D26-3DA0-929F-EA3B96E9C0FA}.Debug|x64.Build.0 = Debug|x64
		{4F3149A7-1D26-3DA0-929F-EA3B96E9C0FA}.Release|x64.ActiveCfg = Release|x64
		{4F3149A7-1D26-3DA0-929F-EA3B96E9C0FA}.Release|x64.Build.0 = Release|x64
	EndGlobalSection
	GlobalSection(SolutionProperties) = preSolution
		HideSolutionNode = FALSE
	EndGlobalSection
	GlobalSection(ExtensibilityGlobals) = postSolution
		SolutionGuid = {012A3F08-546E-4742-AB10-57338FE71303}
	EndGlobalSection
EndGlobal
